<?xml version="1.0" encoding="UTF-8" standalone="yes" ?>
<CodeBlocks_project_file>
	<FileVersion major="1" minor="6" />
	<Project>
		<Option title="testeSH" />
		<Option pch_mode="2" />
		<Option compiler="gcc" />
		<Build>
			<Target title="Debug">
				<Option output="bin\Debug\testeSH" prefix_auto="1" extension_auto="1" />
				<Option object_output="obj\Debug\" />
				<Option type="1" />
				<Option compiler="gcc" />
				<Compiler>
					<Add option="-g" />
				</Compiler>
			</Target>
			<Target title="Release">
				<Option output="bin\Release\testeSH" prefix_auto="1" extension_auto="1" />
				<Option object_output="obj\Release\" />
				<Option type="1" />
				<Option compiler="gcc" />
				<Compiler>
					<Add option="-O2" />
				</Compiler>
				<Linker>
					<Add option="-s" />
				</Linker>
			</Target>
		</Build>
		<Compiler>
			<Add option="-Wall" />
			<Add option="-fexceptions" />
		</Compiler>
		<Unit filename="..\avaliador\Avaliador.cpp" />
		<Unit filename="..\avaliador\avaliador_acuracia.cpp" />
		<Unit filename="..\classificador\classificador.cpp" />
		<Unit filename="..\classificador\classificadorbls.cpp" />
		<Unit filename="..\classificador\classificadorbls.h" />
		<Unit filename="..\classificador\classificadorlibsvm.cpp" />
		<Unit filename="..\classificador\classificadorlibsvm.h" />
		<Unit filename="..\classificador\classificadornb.cpp" />
		<Unit filename="..\classificador\classificadornb.h" />
		<Unit filename="..\corpus\corpus.cpp" />
		<Unit filename="..\corpus\corpusmatriz.cpp" />
		<Unit filename="..\libsvm\svm.cpp" />
		<Unit filename="..\libsvm\svm.h" />
		<Unit filename="..\outros\auxfunc.cpp" />
		<Unit filename="..\outros\auxfunc.h" />
		<Unit filename="..\processador\processador.cpp" />
		<Unit filename="..\processador\processadorsh.cpp" />
		<Unit filename="..\processador\processadorsh.h" />
		<Unit filename="mainSH.cpp" />
		<Unit filename="..\treinador\libsvm.cpp" />
		<Unit filename="..\treinador\libsvm.h" />
		<Unit filename="..\treinador\naivebayes.cpp" />
		<Unit filename="..\treinador\naivebayes.h" />
		<Unit filename="..\treinador\regressaologistica.cpp" />
		<Unit filename="..\treinador\regressaologistica.h" />
		<Unit filename="..\treinador\treinador.cpp" />
		<Unit filename="..\validador\validador.cpp" />
		<Unit filename="..\validador\validadorkdobras.cpp" />
		<Unit filename="..\validador\validadorkdobras.h" />
		<Unit filename="..\validador\validadorkdobras_deslizante.cpp" />
		<Unit filename="..\validador\validadorkdobras_deslizante.h" />
		<Extensions>
			<code_completion />
			<debugger />
			<envvars />
		</Extensions>
	</Project>
</CodeBlocks_project_file>
