<?xml version="1.0" encoding="UTF-8" standalone="yes" ?>
<CodeBlocks_project_file>
	<FileVersion major="1" minor="6" />
	<Project>
		<Option title="testeMW1" />
		<Option pch_mode="2" />
		<Option compiler="gcc" />
		<Build>
			<Target title="Debug">
				<Option output="bin\Debug\testeMW1" prefix_auto="1" extension_auto="1" />
				<Option object_output="obj\Debug\" />
				<Option type="1" />
				<Option compiler="gcc" />
				<Compiler>
					<Add option="-g" />
					<Add directory=".." />
				</Compiler>
			</Target>
			<Target title="Release">
				<Option output="bin\Release\testeMW1" prefix_auto="1" extension_auto="1" />
				<Option object_output="obj\Release\" />
				<Option type="1" />
				<Option compiler="gcc" />
				<Compiler>
					<Add option="-O2" />
				</Compiler>
				<Linker>
					<Add option="-s" />
				</Linker>
			</Target>
		</Build>
		<Compiler>
			<Add option="-Wall" />
			<Add option="-fexceptions" />
		</Compiler>
		<Unit filename="..\C50\teste\sample.c">
			<Option compilerVar="CC" />
		</Unit>
		<Unit filename="..\C50\treino\attwinnow.c">
			<Option compilerVar="CC" />
		</Unit>
		<Unit filename="..\C50\treino\c50.c">
			<Option compilerVar="CC" />
		</Unit>
		<Unit filename="..\C50\treino\classify.c">
			<Option compilerVar="CC" />
		</Unit>
		<Unit filename="..\C50\treino\confmat.c">
			<Option compilerVar="CC" />
		</Unit>
		<Unit filename="..\C50\treino\construct.c">
			<Option compilerVar="CC" />
		</Unit>
		<Unit filename="..\C50\treino\contin.c">
			<Option compilerVar="CC" />
		</Unit>
		<Unit filename="..\C50\treino\defns.i" />
		<Unit filename="..\C50\treino\discr.c">
			<Option compilerVar="CC" />
		</Unit>
		<Unit filename="..\C50\treino\extern.i" />
		<Unit filename="..\C50\treino\formrules.c">
			<Option compilerVar="CC" />
		</Unit>
		<Unit filename="..\C50\treino\formtree.c">
			<Option compilerVar="CC" />
		</Unit>
		<Unit filename="..\C50\treino\getdata.c">
			<Option compilerVar="CC" />
		</Unit>
		<Unit filename="..\C50\treino\getnames.c">
			<Option compilerVar="CC" />
		</Unit>
		<Unit filename="..\C50\treino\global.c">
			<Option compilerVar="CC" />
		</Unit>
		<Unit filename="..\C50\treino\implicitatt.c">
			<Option compilerVar="CC" />
		</Unit>
		<Unit filename="..\C50\treino\info.c">
			<Option compilerVar="CC" />
		</Unit>
		<Unit filename="..\C50\treino\mcost.c">
			<Option compilerVar="CC" />
		</Unit>
		<Unit filename="..\C50\treino\modelfiles.c">
			<Option compilerVar="CC" />
		</Unit>
		<Unit filename="..\C50\treino\p-thresh.c">
			<Option compilerVar="CC" />
		</Unit>
		<Unit filename="..\C50\treino\prune.c">
			<Option compilerVar="CC" />
		</Unit>
		<Unit filename="..\C50\treino\rules.c">
			<Option compilerVar="CC" />
		</Unit>
		<Unit filename="..\C50\treino\ruletree.c">
			<Option compilerVar="CC" />
		</Unit>
		<Unit filename="..\C50\treino\siftrules.c">
			<Option compilerVar="CC" />
		</Unit>
		<Unit filename="..\C50\treino\sort.c">
			<Option compilerVar="CC" />
		</Unit>
		<Unit filename="..\C50\treino\subset.c">
			<Option compilerVar="CC" />
		</Unit>
		<Unit filename="..\C50\treino\text.i" />
		<Unit filename="..\C50\treino\trees.c">
			<Option compilerVar="CC" />
		</Unit>
		<Unit filename="..\C50\treino\update.c">
			<Option compilerVar="CC" />
		</Unit>
		<Unit filename="..\C50\treino\utility.c">
			<Option compilerVar="CC" />
		</Unit>
		<Unit filename="..\C50\treino\xval.c">
			<Option compilerVar="CC" />
		</Unit>
		<Unit filename="..\avaliador\Avaliador.cpp" />
		<Unit filename="..\avaliador\avaliador_acuracia.cpp" />
		<Unit filename="..\avaliador\avaliadormatrizconfusao.cpp" />
		<Unit filename="..\avaliador\avaliadormatrizconfusao.h" />
		<Unit filename="..\classificador\c50classificador.cpp" />
		<Unit filename="..\classificador\c50classificador.h" />
		<Unit filename="..\classificador\classificador.cpp" />
		<Unit filename="..\corpus\corpus.cpp" />
		<Unit filename="..\corpus\corpusmatriz.cpp" />
		<Unit filename="..\id3\dtree.cpp" />
		<Unit filename="..\id3\dtree.h" />
		<Unit filename="..\id3\treeno.cpp" />
		<Unit filename="..\id3\treeno.h" />
		<Unit filename="..\stump\stump.cpp" />
		<Unit filename="mainMW-2fases.cpp" />
		<Unit filename="..\treinador\c50Treinador.h" />
		<Unit filename="..\treinador\c50treinador.cpp" />
		<Unit filename="..\treinador\treinador.cpp" />
		<Unit filename="..\validador\validador.cpp" />
		<Unit filename="..\validador\validadorkdobras.cpp" />
		<Extensions>
			<code_completion />
			<debugger />
		</Extensions>
	</Project>
</CodeBlocks_project_file>
