<?xml version="1.0" encoding="UTF-8" standalone="yes" ?>
<CodeBlocks_project_file>
	<FileVersion major="1" minor="6" />
	<Project>
		<Option title="testeID3" />
		<Option pch_mode="2" />
		<Option compiler="gcc" />
		<Build>
			<Target title="Debug">
				<Option output="bin\Debug\testeID3" prefix_auto="1" extension_auto="1" />
				<Option object_output="obj\Debug\" />
				<Option type="1" />
				<Option compiler="gcc" />
				<Compiler>
					<Add option="-g" />
				</Compiler>
			</Target>
			<Target title="Release">
				<Option output="bin\Release\testeID3" prefix_auto="1" extension_auto="1" />
				<Option object_output="obj\Release\" />
				<Option type="1" />
				<Option compiler="gcc" />
				<Compiler>
					<Add option="-O2" />
				</Compiler>
				<Linker>
					<Add option="-s" />
				</Linker>
			</Target>
		</Build>
		<Compiler>
			<Add option="-Wall" />
		</Compiler>
		<Unit filename="..\avaliador\Avaliador.cpp" />
		<Unit filename="..\avaliador\avaliador_acuracia.cpp" />
		<Unit filename="..\classificador\classificador.cpp" />
		<Unit filename="..\corpus\corpus.cpp" />
		<Unit filename="..\corpus\corpus.h" />
		<Unit filename="..\corpus\corpusmatriz.cpp" />
		<Unit filename="..\corpus\corpusmatriz.h" />
		<Unit filename="..\id3\dtree.cpp" />
		<Unit filename="..\id3\dtree.h" />
		<Unit filename="..\id3\treeno.cpp" />
		<Unit filename="..\id3\treeno.h" />
		<Unit filename="mainID3.cpp" />
		<Unit filename="..\treinador\treinador.cpp" />
		<Extensions>
			<code_completion />
			<debugger />
		</Extensions>
	</Project>
</CodeBlocks_project_file>
